
Microsoft Visual Studio Solution File, Format Version 12.00
# Visual Studio 15
VisualStudioVersion = 15.0.27428.2037
MinimumVisualStudioVersion = 10.0.40219.1
Project("{FAE04EC0-301F-11D3-BF4B-00C04F79EFBC}") = "Registro Usuario Tarea II", "Registro Usuario Tarea II\Registro Usuario Tarea II.csproj", "{2D6777C0-4516-4C8E-8FD1-8E6FAA57B32D}"
EndProject
Global
	GlobalSection(SolutionConfigurationPlatforms) = preSolution
		Debug|Any CPU = Debug|Any CPU
		Release|Any CPU = Release|Any CPU
	EndGlobalSection
	GlobalSection(ProjectConfigurationPlatforms) = postSolution
		{2D6777C0-4516-4C8E-8FD1-8E6FAA57B32D}.Debug|Any CPU.ActiveCfg = Debug|Any CPU
		{2D6777C0-4516-4C8E-8FD1-8E6FAA57B32D}.Debug|Any CPU.Build.0 = Debug|Any CPU
		{2D6777C0-4516-4C8E-8FD1-8E6FAA57B32D}.Release|Any CPU.ActiveCfg = Release|Any CPU
		{2D6777C0-4516-4C8E-8FD1-8E6FAA57B32D}.Release|Any CPU.Build.0 = Release|Any CPU
	EndGlobalSection
	GlobalSection(SolutionProperties) = preSolution
		HideSolutionNode = FALSE
	EndGlobalSection
	GlobalSection(ExtensibilityGlobals) = postSolution
		SolutionGuid = {07E084C3-2F68-4E93-A87E-4DF1AE9BA86F}
	EndGlobalSection
EndGlobal
